
Microsoft Visual Studio Solution File, Format Version 12.00
# Visual Studio 15
VisualStudioVersion = 15.0.26228.4
MinimumVisualStudioVersion = 10.0.40219.1
Project("{FAE04EC0-301F-11D3-BF4B-00C04F79EFBC}") = "BWYSDPWeb", "BWYSDPWeb\BWYSDPWeb.csproj", "{69EE557A-3DAA-4FAC-A414-522AFC87D9D6}"
EndProject
Project("{2150E333-8FDC-42A3-9474-1A3956D46DE8}") = "Bll", "Bll", "{63B832A9-9AFE-416B-963C-BE9B1D2A6B0A}"
EndProject
Project("{FAE04EC0-301F-11D3-BF4B-00C04F79EFBC}") = "Bll", "Bll\Bll.csproj", "{415116F1-316C-4977-B659-A9DA96990B5C}"
EndProject
Global
	GlobalSection(SolutionConfigurationPlatforms) = preSolution
		Debug|Any CPU = Debug|Any CPU
		Release|Any CPU = Release|Any CPU
	EndGlobalSection
	GlobalSection(ProjectConfigurationPlatforms) = postSolution
		{69EE557A-3DAA-4FAC-A414-522AFC87D9D6}.Debug|Any CPU.ActiveCfg = Debug|Any CPU
		{69EE557A-3DAA-4FAC-A414-522AFC87D9D6}.Debug|Any CPU.Build.0 = Debug|Any CPU
		{69EE557A-3DAA-4FAC-A414-522AFC87D9D6}.Release|Any CPU.ActiveCfg = Release|Any CPU
		{69EE557A-3DAA-4FAC-A414-522AFC87D9D6}.Release|Any CPU.Build.0 = Release|Any CPU
		{415116F1-316C-4977-B659-A9DA96990B5C}.Debug|Any CPU.ActiveCfg = Debug|Any CPU
		{415116F1-316C-4977-B659-A9DA96990B5C}.Debug|Any CPU.Build.0 = Debug|Any CPU
		{415116F1-316C-4977-B659-A9DA96990B5C}.Release|Any CPU.ActiveCfg = Release|Any CPU
		{415116F1-316C-4977-B659-A9DA96990B5C}.Release|Any CPU.Build.0 = Release|Any CPU
	EndGlobalSection
	GlobalSection(SolutionProperties) = preSolution
		HideSolutionNode = FALSE
	EndGlobalSection
	GlobalSection(NestedProjects) = preSolution
		{415116F1-316C-4977-B659-A9DA96990B5C} = {63B832A9-9AFE-416B-963C-BE9B1D2A6B0A}
	EndGlobalSection
	GlobalSection(ExtensibilityGlobals) = postSolution
		SolutionGuid = {2E932905-C8BE-49A9-BBD8-1A65AF31728B}
	EndGlobalSection
EndGlobal
